
Microsoft Visual Studio Solution File, Format Version 12.00
# Visual Studio 15
VisualStudioVersion = 15.0.27130.2027
MinimumVisualStudioVersion = 10.0.40219.1
Project("{FAE04EC0-301F-11D3-BF4B-00C04F79EFBC}") = "TreinamentoWebService.Test", "TreinamentoWebService.Test\TreinamentoWebService.Test.csproj", "{F0DC42A0-3CA7-42B9-882C-59289D68216A}"
EndProject
Project("{FAE04EC0-301F-11D3-BF4B-00C04F79EFBC}") = "TreinamentoWebService.Automation", "TreinamentoWebService.Automation\TreinamentoWebService.Automation.csproj", "{2B8AA298-96FD-4BC4-9C69-74C8C0B890A3}"
EndProject
Global
	GlobalSection(SolutionConfigurationPlatforms) = preSolution
		Debug|Any CPU = Debug|Any CPU
		Release|Any CPU = Release|Any CPU
	EndGlobalSection
	GlobalSection(ProjectConfigurationPlatforms) = postSolution
		{F0DC42A0-3CA7-42B9-882C-59289D68216A}.Debug|Any CPU.ActiveCfg = Debug|Any CPU
		{F0DC42A0-3CA7-42B9-882C-59289D68216A}.Debug|Any CPU.Build.0 = Debug|Any CPU
		{F0DC42A0-3CA7-42B9-882C-59289D68216A}.Release|Any CPU.ActiveCfg = Release|Any CPU
		{F0DC42A0-3CA7-42B9-882C-59289D68216A}.Release|Any CPU.Build.0 = Release|Any CPU
		{2B8AA298-96FD-4BC4-9C69-74C8C0B890A3}.Debug|Any CPU.ActiveCfg = Debug|Any CPU
		{2B8AA298-96FD-4BC4-9C69-74C8C0B890A3}.Debug|Any CPU.Build.0 = Debug|Any CPU
		{2B8AA298-96FD-4BC4-9C69-74C8C0B890A3}.Release|Any CPU.ActiveCfg = Release|Any CPU
		{2B8AA298-96FD-4BC4-9C69-74C8C0B890A3}.Release|Any CPU.Build.0 = Release|Any CPU
	EndGlobalSection
	GlobalSection(SolutionProperties) = preSolution
		HideSolutionNode = FALSE
	EndGlobalSection
	GlobalSection(ExtensibilityGlobals) = postSolution
		SolutionGuid = {8A1DA5C4-21E3-4D1B-80DB-2061033E9853}
	EndGlobalSection
EndGlobal
